
Microsoft Visual Studio Solution File, Format Version 12.00
# Visual Studio Version 17
VisualStudioVersion = 17.14.37012.4 d17.14
MinimumVisualStudioVersion = 10.0.40219.1
Project("{FAE04EC0-301F-11D3-BF4B-00C04F79EFBC}") = "VectorGraphicsEditor", "VectorGraphicsEditor.csproj", "{A6925B0F-E1AE-4066-9239-7CC8A0671B0D}"
EndProject
Global
	GlobalSection(SolutionConfigurationPlatforms) = preSolution
		Debug|Any CPU = Debug|Any CPU
		Release|Any CPU = Release|Any CPU
	EndGlobalSection
	GlobalSection(ProjectConfigurationPlatforms) = postSolution
		{A6925B0F-E1AE-4066-9239-7CC8A0671B0D}.Debug|Any CPU.ActiveCfg = Debug|Any CPU
		{A6925B0F-E1AE-4066-9239-7CC8A0671B0D}.Debug|Any CPU.Build.0 = Debug|Any CPU
		{A6925B0F-E1AE-4066-9239-7CC8A0671B0D}.Release|Any CPU.ActiveCfg = Release|Any CPU
		{A6925B0F-E1AE-4066-9239-7CC8A0671B0D}.Release|Any CPU.Build.0 = Release|Any CPU
	EndGlobalSection
	GlobalSection(SolutionProperties) = preSolution
		HideSolutionNode = FALSE
	EndGlobalSection
	GlobalSection(ExtensibilityGlobals) = postSolution
		SolutionGuid = {C6C6734E-2184-4482-868A-CC98AA8C2187}
	EndGlobalSection
EndGlobal
